
Microsoft Visual Studio Solution File, Format Version 12.00
# Visual Studio Version 16
VisualStudioVersion = 16.0.29123.88
MinimumVisualStudioVersion = 10.0.40219.1
Project("{8BC9CEB8-8B4A-11D0-8D11-00A0C91BC942}") = "HW1", "HW1.vcxproj", "{8162B1E6-9944-4387-B896-28AB66E04875}"
EndProject
Global
	GlobalSection(SolutionConfigurationPlatforms) = preSolution
		Debug|x64 = Debug|x64
		Debug|x86 = Debug|x86
		Release|x64 = Release|x64
		Release|x86 = Release|x86
	EndGlobalSection
	GlobalSection(ProjectConfigurationPlatforms) = postSolution
		{8162B1E6-9944-4387-B896-28AB66E04875}.Debug|x64.ActiveCfg = Debug|x64
		{8162B1E6-9944-4387-B896-28AB66E04875}.Debug|x64.Build.0 = Debug|x64
		{8162B1E6-9944-4387-B896-28AB66E04875}.Debug|x86.ActiveCfg = Debug|Win32
		{8162B1E6-9944-4387-B896-28AB66E04875}.Debug|x86.Build.0 = Debug|Win32
		{8162B1E6-9944-4387-B896-28AB66E04875}.Release|x64.ActiveCfg = Release|x64
		{8162B1E6-9944-4387-B896-28AB66E04875}.Release|x64.Build.0 = Release|x64
		{8162B1E6-9944-4387-B896-28AB66E04875}.Release|x86.ActiveCfg = Release|Win32
		{8162B1E6-9944-4387-B896-28AB66E04875}.Release|x86.Build.0 = Release|Win32
	EndGlobalSection
	GlobalSection(SolutionProperties) = preSolution
		HideSolutionNode = FALSE
	EndGlobalSection
	GlobalSection(ExtensibilityGlobals) = postSolution
		SolutionGuid = {7A9445E4-8566-429D-B33F-3D3B3CE4F102}
	EndGlobalSection
EndGlobal
